
Microsoft Visual Studio Solution File, Format Version 12.00
# Visual Studio 14
VisualStudioVersion = 14.0.25123.0
MinimumVisualStudioVersion = 10.0.40219.1
Project("{FAE04EC0-301F-11D3-BF4B-00C04F79EFBC}") = "NinjaDomain.Classes", "NinjaDomain.Classes\NinjaDomain.Classes.csproj", "{11C92941-8C41-4F77-B68E-1D610CD1F742}"
EndProject
Project("{FAE04EC0-301F-11D3-BF4B-00C04F79EFBC}") = "NinjaDomain.DataModel", "NinjaDomain.DataModel\NinjaDomain.DataModel.csproj", "{46ABB818-C0C5-47C8-A1C8-697A4D0CD5ED}"
EndProject
Project("{2150E333-8FDC-42A3-9474-1A3956D46DE8}") = "Solution Items", "Solution Items", "{9EA89B02-37DC-432E-A365-5926CA29A8A1}"
	ProjectSection(SolutionItems) = preProject
		ReadMe.txt = ReadMe.txt
	EndProjectSection
EndProject
Project("{FAE04EC0-301F-11D3-BF4B-00C04F79EFBC}") = "EDMXFromDB", "EDMXFromDB\EDMXFromDB.csproj", "{D2B24B9D-527E-4B50-A5AB-895E931A0778}"
EndProject
Project("{FAE04EC0-301F-11D3-BF4B-00C04F79EFBC}") = "CodeModelFromDB", "CodeModelFromDB\CodeModelFromDB.csproj", "{27775D89-8C9A-4B79-93E3-0E62652FDDC1}"
EndProject
Project("{FAE04EC0-301F-11D3-BF4B-00C04F79EFBC}") = "ConsoleApplication", "ConsoleApplication\ConsoleApplication.csproj", "{8A49CD03-C807-4A85-AE7B-CD52E681861B}"
EndProject
Project("{FAE04EC0-301F-11D3-BF4B-00C04F79EFBC}") = "NinjaMVC", "NinjaMVC\NinjaMVC.csproj", "{5EDDF344-D0CD-497E-AC57-9F37D1DDA91B}"
EndProject
Project("{FAE04EC0-301F-11D3-BF4B-00C04F79EFBC}") = "NinjaWebAPI", "NinjaWebAPI\NinjaWebAPI.csproj", "{627B9EB4-2756-489C-B088-ACE919A97C80}"
EndProject
Global
	GlobalSection(SolutionConfigurationPlatforms) = preSolution
		Debug|Any CPU = Debug|Any CPU
		Release|Any CPU = Release|Any CPU
	EndGlobalSection
	GlobalSection(ProjectConfigurationPlatforms) = postSolution
		{11C92941-8C41-4F77-B68E-1D610CD1F742}.Debug|Any CPU.ActiveCfg = Debug|Any CPU
		{11C92941-8C41-4F77-B68E-1D610CD1F742}.Debug|Any CPU.Build.0 = Debug|Any CPU
		{11C92941-8C41-4F77-B68E-1D610CD1F742}.Release|Any CPU.ActiveCfg = Release|Any CPU
		{11C92941-8C41-4F77-B68E-1D610CD1F742}.Release|Any CPU.Build.0 = Release|Any CPU
		{46ABB818-C0C5-47C8-A1C8-697A4D0CD5ED}.Debug|Any CPU.ActiveCfg = Debug|Any CPU
		{46ABB818-C0C5-47C8-A1C8-697A4D0CD5ED}.Debug|Any CPU.Build.0 = Debug|Any CPU
		{46ABB818-C0C5-47C8-A1C8-697A4D0CD5ED}.Release|Any CPU.ActiveCfg = Release|Any CPU
		{46ABB818-C0C5-47C8-A1C8-697A4D0CD5ED}.Release|Any CPU.Build.0 = Release|Any CPU
		{D2B24B9D-527E-4B50-A5AB-895E931A0778}.Debug|Any CPU.ActiveCfg = Debug|Any CPU
		{D2B24B9D-527E-4B50-A5AB-895E931A0778}.Debug|Any CPU.Build.0 = Debug|Any CPU
		{D2B24B9D-527E-4B50-A5AB-895E931A0778}.Release|Any CPU.ActiveCfg = Release|Any CPU
		{D2B24B9D-527E-4B50-A5AB-895E931A0778}.Release|Any CPU.Build.0 = Release|Any CPU
		{27775D89-8C9A-4B79-93E3-0E62652FDDC1}.Debug|Any CPU.ActiveCfg = Debug|Any CPU
		{27775D89-8C9A-4B79-93E3-0E62652FDDC1}.Debug|Any CPU.Build.0 = Debug|Any CPU
		{27775D89-8C9A-4B79-93E3-0E62652FDDC1}.Release|Any CPU.ActiveCfg = Release|Any CPU
		{27775D89-8C9A-4B79-93E3-0E62652FDDC1}.Release|Any CPU.Build.0 = Release|Any CPU
		{8A49CD03-C807-4A85-AE7B-CD52E681861B}.Debug|Any CPU.ActiveCfg = Debug|Any CPU
		{8A49CD03-C807-4A85-AE7B-CD52E681861B}.Debug|Any CPU.Build.0 = Debug|Any CPU
		{8A49CD03-C807-4A85-AE7B-CD52E681861B}.Release|Any CPU.ActiveCfg = Release|Any CPU
		{8A49CD03-C807-4A85-AE7B-CD52E681861B}.Release|Any CPU.Build.0 = Release|Any CPU
		{5EDDF344-D0CD-497E-AC57-9F37D1DDA91B}.Debug|Any CPU.ActiveCfg = Debug|Any CPU
		{5EDDF344-D0CD-497E-AC57-9F37D1DDA91B}.Debug|Any CPU.Build.0 = Debug|Any CPU
		{5EDDF344-D0CD-497E-AC57-9F37D1DDA91B}.Release|Any CPU.ActiveCfg = Release|Any CPU
		{5EDDF344-D0CD-497E-AC57-9F37D1DDA91B}.Release|Any CPU.Build.0 = Release|Any CPU
		{627B9EB4-2756-489C-B088-ACE919A97C80}.Debug|Any CPU.ActiveCfg = Debug|Any CPU
		{627B9EB4-2756-489C-B088-ACE919A97C80}.Debug|Any CPU.Build.0 = Debug|Any CPU
		{627B9EB4-2756-489C-B088-ACE919A97C80}.Release|Any CPU.ActiveCfg = Release|Any CPU
		{627B9EB4-2756-489C-B088-ACE919A97C80}.Release|Any CPU.Build.0 = Release|Any CPU
	EndGlobalSection
	GlobalSection(SolutionProperties) = preSolution
		HideSolutionNode = FALSE
	EndGlobalSection
EndGlobal
